
Microsoft Visual Studio Solution File, Format Version 12.00
# Visual Studio Version 17
VisualStudioVersion = 17.3.32929.385
MinimumVisualStudioVersion = 10.0.40219.1
Project("{FAE04EC0-301F-11D3-BF4B-00C04F79EFBC}") = "Collections", "Collections.csproj", "{38C8C73F-8932-4DE6-ACA0-B71FE0C07786}"
EndProject
Global
	GlobalSection(SolutionConfigurationPlatforms) = preSolution
		Debug|Any CPU = Debug|Any CPU
		Release|Any CPU = Release|Any CPU
	EndGlobalSection
	GlobalSection(ProjectConfigurationPlatforms) = postSolution
		{38C8C73F-8932-4DE6-ACA0-B71FE0C07786}.Debug|Any CPU.ActiveCfg = Debug|Any CPU
		{38C8C73F-8932-4DE6-ACA0-B71FE0C07786}.Debug|Any CPU.Build.0 = Debug|Any CPU
		{38C8C73F-8932-4DE6-ACA0-B71FE0C07786}.Release|Any CPU.ActiveCfg = Release|Any CPU
		{38C8C73F-8932-4DE6-ACA0-B71FE0C07786}.Release|Any CPU.Build.0 = Release|Any CPU
	EndGlobalSection
	GlobalSection(SolutionProperties) = preSolution
		HideSolutionNode = FALSE
	EndGlobalSection
	GlobalSection(ExtensibilityGlobals) = postSolution
		SolutionGuid = {3D322EBF-871C-4F86-9214-81E20EFE84FB}
	EndGlobalSection
EndGlobal
